github.com/go-audio/aiff v1.0.0/go.mod h1:Kazp+9JR/Y1ITCXaDlO6OIIOrz6eGGAn+dGT04V4HPM=
github.com/go-audio/audio v1.0.0 h1:zS9vebldgbQqktK4H0lUqWrG8P0NxCJVqcj7ZpNnwd4=
github.com/go-audio/audio v1.0.0/go.mod h1:6uAu0+H2lHkwdGsAY+j2wHPNPpPoeg5AaEFh9FlA+Zs=
github.com/go-audio/riff v1.0.0 h1:d8iCGbDvox9BfLagY94fBynxSPHO80LmZCaOsmKxokA=
github.com/go-audio/riff v1.0.0/go.mod h1:l3cQwc85y79NQFCRB7TiPoNiaijp6q8Z0Uv38rVG498=
github.com/maruel/natural v1.1.1 h1:Hja7XhhmvEFhcByqDoHz9QZbkWey+COd9xWfCfn1ioo=
github.com/maruel/natural v1.1.1/go.mod h1:v+Rfd79xlw1AgVBjbO0BEQmptqb5HvL/k9GRHB7ZKEg=
